
Microsoft Visual Studio Solution File, Format Version 12.00
# Visual Studio 15
VisualStudioVersion = 15.0.28307.1684
MinimumVisualStudioVersion = 10.0.40219.1
Project("{FAE04EC0-301F-11D3-BF4B-00C04F79EFBC}") = "TowerPuzzle", "TowerPuzzle\TowerPuzzle.csproj", "{7532595A-D467-4D48-885D-1434A85500D3}"
EndProject
Project("{FAE04EC0-301F-11D3-BF4B-00C04F79EFBC}") = "TowerPuzzleTest", "TowerPuzzleTest\TowerPuzzleTest.csproj", "{3C51CFA3-2024-40E9-9CDA-76EC5E54EDE1}"
EndProject
Global
	GlobalSection(SolutionConfigurationPlatforms) = preSolution
		Debug|Any CPU = Debug|Any CPU
		Release|Any CPU = Release|Any CPU
	EndGlobalSection
	GlobalSection(ProjectConfigurationPlatforms) = postSolution
		{7532595A-D467-4D48-885D-1434A85500D3}.Debug|Any CPU.ActiveCfg = Debug|Any CPU
		{7532595A-D467-4D48-885D-1434A85500D3}.Debug|Any CPU.Build.0 = Debug|Any CPU
		{7532595A-D467-4D48-885D-1434A85500D3}.Release|Any CPU.ActiveCfg = Release|Any CPU
		{7532595A-D467-4D48-885D-1434A85500D3}.Release|Any CPU.Build.0 = Release|Any CPU
		{3C51CFA3-2024-40E9-9CDA-76EC5E54EDE1}.Debug|Any CPU.ActiveCfg = Debug|Any CPU
		{3C51CFA3-2024-40E9-9CDA-76EC5E54EDE1}.Debug|Any CPU.Build.0 = Debug|Any CPU
		{3C51CFA3-2024-40E9-9CDA-76EC5E54EDE1}.Release|Any CPU.ActiveCfg = Release|Any CPU
		{3C51CFA3-2024-40E9-9CDA-76EC5E54EDE1}.Release|Any CPU.Build.0 = Release|Any CPU
	EndGlobalSection
	GlobalSection(SolutionProperties) = preSolution
		HideSolutionNode = FALSE
	EndGlobalSection
	GlobalSection(ExtensibilityGlobals) = postSolution
		SolutionGuid = {A04B406D-FF0A-46E2-93FB-777F1D879069}
	EndGlobalSection
EndGlobal
